
Microsoft Visual Studio Solution File, Format Version 12.00
# Visual Studio Version 16
VisualStudioVersion = 16.0.809.3
MinimumVisualStudioVersion = 10.0.40219.1
Project("{FAE04EC0-301F-11D3-BF4B-00C04F79EFBC}") = "API", "API\API.csproj", "{F4FB016D-6161-45D0-855E-1F9E67F74DD8}"
EndProject
Project("{FAE04EC0-301F-11D3-BF4B-00C04F79EFBC}") = "API.Tests", "API.Tests\API.Tests.csproj", "{3083C192-4F74-4176-8265-117CD3D66F1F}"
EndProject
Project("{FAE04EC0-301F-11D3-BF4B-00C04F79EFBC}") = "API.Test", "API.Test\API.Test.csproj", "{B8DBE43F-62D0-462B-8CCE-7BAD747FF731}"
EndProject
Global
	GlobalSection(SolutionConfigurationPlatforms) = preSolution
		Debug|Any CPU = Debug|Any CPU
		Release|Any CPU = Release|Any CPU
	EndGlobalSection
	GlobalSection(ProjectConfigurationPlatforms) = postSolution
		{F4FB016D-6161-45D0-855E-1F9E67F74DD8}.Debug|Any CPU.ActiveCfg = Debug|Any CPU
		{F4FB016D-6161-45D0-855E-1F9E67F74DD8}.Debug|Any CPU.Build.0 = Debug|Any CPU
		{F4FB016D-6161-45D0-855E-1F9E67F74DD8}.Release|Any CPU.ActiveCfg = Release|Any CPU
		{F4FB016D-6161-45D0-855E-1F9E67F74DD8}.Release|Any CPU.Build.0 = Release|Any CPU
		{3083C192-4F74-4176-8265-117CD3D66F1F}.Debug|Any CPU.ActiveCfg = Debug|Any CPU
		{3083C192-4F74-4176-8265-117CD3D66F1F}.Debug|Any CPU.Build.0 = Debug|Any CPU
		{3083C192-4F74-4176-8265-117CD3D66F1F}.Release|Any CPU.ActiveCfg = Release|Any CPU
		{3083C192-4F74-4176-8265-117CD3D66F1F}.Release|Any CPU.Build.0 = Release|Any CPU
		{B8DBE43F-62D0-462B-8CCE-7BAD747FF731}.Debug|Any CPU.ActiveCfg = Debug|Any CPU
		{B8DBE43F-62D0-462B-8CCE-7BAD747FF731}.Debug|Any CPU.Build.0 = Debug|Any CPU
		{B8DBE43F-62D0-462B-8CCE-7BAD747FF731}.Release|Any CPU.ActiveCfg = Release|Any CPU
		{B8DBE43F-62D0-462B-8CCE-7BAD747FF731}.Release|Any CPU.Build.0 = Release|Any CPU
	EndGlobalSection
	GlobalSection(SolutionProperties) = preSolution
		HideSolutionNode = FALSE
	EndGlobalSection
	GlobalSection(ExtensibilityGlobals) = postSolution
		SolutionGuid = {F3D72A8F-0731-4DC6-B757-2C373EE5D948}
	EndGlobalSection
EndGlobal
